
Microsoft Visual Studio Solution File, Format Version 12.00
# Visual Studio 14
VisualStudioVersion = 14.0.23107.0
MinimumVisualStudioVersion = 10.0.40219.1
Project("{FAE04EC0-301F-11D3-BF4B-00C04F79EFBC}") = "SignalR01", "SignalR01\SignalR01.csproj", "{9C708DEA-DA1F-4A00-ABA7-891611C7EC4C}"
EndProject
Project("{FAE04EC0-301F-11D3-BF4B-00C04F79EFBC}") = "WebSocket01", "WebSocket01\WebSocket01.csproj", "{2964F92A-39F8-4831-82BF-3A31B8F6E9DF}"
EndProject
Project("{2150E333-8FDC-42A3-9474-1A3956D46DE8}") = "PublishScripts", "PublishScripts", "{12BF44B1-1B47-48EC-A595-5196BACFC6EB}"
EndProject
Project("{2150E333-8FDC-42A3-9474-1A3956D46DE8}") = "Scripts", "Scripts", "{538E0BD8-D03D-4627-9C8B-A608A9663796}"
	ProjectSection(SolutionItems) = preProject
		PublishScripts\Scripts\Deploy-AzureResourceGroup.ps1 = PublishScripts\Scripts\Deploy-AzureResourceGroup.ps1
	EndProjectSection
EndProject
Project("{2150E333-8FDC-42A3-9474-1A3956D46DE8}") = "Templates", "Templates", "{6F227FA6-5F09-4189-8220-90DF6062B902}"
	ProjectSection(SolutionItems) = preProject
		PublishScripts\Templates\WebSocket01.json = PublishScripts\Templates\WebSocket01.json
		PublishScripts\Templates\WebSocket01.param.dev.json = PublishScripts\Templates\WebSocket01.param.dev.json
	EndProjectSection
EndProject
Global
	GlobalSection(SolutionConfigurationPlatforms) = preSolution
		Debug|Any CPU = Debug|Any CPU
		Release|Any CPU = Release|Any CPU
	EndGlobalSection
	GlobalSection(ProjectConfigurationPlatforms) = postSolution
		{9C708DEA-DA1F-4A00-ABA7-891611C7EC4C}.Debug|Any CPU.ActiveCfg = Debug|Any CPU
		{9C708DEA-DA1F-4A00-ABA7-891611C7EC4C}.Debug|Any CPU.Build.0 = Debug|Any CPU
		{9C708DEA-DA1F-4A00-ABA7-891611C7EC4C}.Release|Any CPU.ActiveCfg = Release|Any CPU
		{9C708DEA-DA1F-4A00-ABA7-891611C7EC4C}.Release|Any CPU.Build.0 = Release|Any CPU
		{2964F92A-39F8-4831-82BF-3A31B8F6E9DF}.Debug|Any CPU.ActiveCfg = Debug|Any CPU
		{2964F92A-39F8-4831-82BF-3A31B8F6E9DF}.Debug|Any CPU.Build.0 = Debug|Any CPU
		{2964F92A-39F8-4831-82BF-3A31B8F6E9DF}.Release|Any CPU.ActiveCfg = Release|Any CPU
		{2964F92A-39F8-4831-82BF-3A31B8F6E9DF}.Release|Any CPU.Build.0 = Release|Any CPU
	EndGlobalSection
	GlobalSection(SolutionProperties) = preSolution
		HideSolutionNode = FALSE
	EndGlobalSection
	GlobalSection(NestedProjects) = preSolution
		{538E0BD8-D03D-4627-9C8B-A608A9663796} = {12BF44B1-1B47-48EC-A595-5196BACFC6EB}
		{6F227FA6-5F09-4189-8220-90DF6062B902} = {12BF44B1-1B47-48EC-A595-5196BACFC6EB}
	EndGlobalSection
EndGlobal
